// !$*UTF8*$!
{
	archiveVersion = 1;
	classes = {
	};
	objectVersion = 46;
	objects = {

/* Begin PBXBuildFile section */
		45E3A4B51C99594700531BBF /* main.m in Sources */ = {isa = PBXBuildFile; fileRef = 45E3A4B41C99594700531BBF /* main.m */; };
		45E3A4B81C99594700531BBF /* AppDelegate.m in Sources */ = {isa = PBXBuildFile; fileRef = 45E3A4B71C99594700531BBF /* AppDelegate.m */; };
		45E3A4BB1C99594700531BBF /* ViewController.m in Sources */ = {isa = PBXBuildFile; fileRef = 45E3A4BA1C99594700531BBF /* ViewController.m */; };
		45E3A4BE1C99594700531BBF /* Main.storyboard in Resources */ = {isa = PBXBuildFile; fileRef = 45E3A4BC1C99594700531BBF /* Main.storyboard */; };
		45E3A4C01C99594700531BBF /* Assets.xcassets in Resources */ = {isa = PBXBuildFile; fileRef = 45E3A4BF1C99594700531BBF /* Assets.xcassets */; };
		45E3A4C31C99594700531BBF /* LaunchScreen.storyboard in Resources */ = {isa = PBXBuildFile; fileRef = 45E3A4C11C99594700531BBF /* LaunchScreen.storyboard */; };
/* End PBXBuildFile section */

/* Begin PBXFileReference section */
		45E3A4B01C99594700531BBF /* demoSlider.app */ = {isa = PBXFileReference; explicitFileType = wrapper.application; includeInIndex = 0; path = demoSlider.app; sourceTree = BUILT_PRODUCTS_DIR; };
		45E3A4B41C99594700531BBF /* main.m */ = {isa = PBXFileReference; lastKnownFileType = sourcecode.c.objc; path = main.m; sourceTree = "<group>"; };
		45E3A4B61C99594700531BBF /* AppDelegate.h */ = {isa = PBXFileReference; lastKnownFileType = sourcecode.c.h; path = AppDelegate.h; sourceTree = "<group>"; };
		45E3A4B71C99594700531BBF /* AppDelegate.m */ = {isa = PBXFileReference; lastKnownFileType = sourcecode.c.objc; path = AppDelegate.m; sourceTree = "<group>"; };
		45E3A4B91C99594700531BBF /* ViewController.h */ = {isa = PBXFileReference; lastKnownFileType = sourcecode.c.h; path = ViewController.h; sourceTree = "<group>"; };
		45E3A4BA1C99594700531BBF /* ViewController.m */ = {isa = PBXFileReference; lastKnownFileType = sourcecode.c.objc; path = ViewController.m; sourceTree = "<group>"; };
		45E3A4BD1C99594700531BBF /* Base */ = {isa = PBXFileReference; lastKnownFileType = file.storyboard; name = Base; path = Base.lproj/Main.storyboard; sourceTree = "<group>"; };
		45E3A4BF1C99594700531BBF /* Assets.xcassets */ = {isa = PBXFileReference; lastKnownFileType = folder.assetcatalog; path = Assets.xcassets; sourceTree = "<group>"; };
		45E3A4C21C99594700531BBF /* Base */ = {isa = PBXFileReference; lastKnownFileType = file.storyboard; name = Base; path = Base.lproj/LaunchScreen.storyboard; sourceTree = "<group>"; };
		45E3A4C41C99594700531BBF /* Info.plist */ = {isa = PBXFileReference; lastKnownFileType = text.plist.xml; path = Info.plist; sourceTree = "<group>"; };
/* End PBXFileReference section */

/* Begin PBXFrameworksBuildPhase section */
		45E3A4AD1C99594700531BBF /* Frameworks */ = {
			isa = PBXFrameworksBuildPhase;
			buildActionMask = 2147483647;
			files = (
			);
			runOnlyForDeploymentPostprocessing = 0;
		};
/* End PBXFrameworksBuildPhase section */

/* Begin PBXGroup section */
		45E3A4A71C99594700531BBF = {
			isa = PBXGroup;
			children = (
				45E3A4B21C99594700531BBF /* demoSlider */,
				45E3A4B11C99594700531BBF /* Products */,
			);
			sourceTree = "<group>";
		};
		45E3A4B11C99594700531BBF /* Products */ = {
			isa = PBXGroup;
			children = (
				45E3A4B01C99594700531BBF /* demoSlider.app */,
			);
			name = Products;
			sourceTree = "<group>";
		};
		45E3A4B21C99594700531BBF /* demoSlider */ = {
			isa = PBXGroup;
			children = (
				45E3A4B61C99594700531BBF /* AppDelegate.h */,
				45E3A4B71C99594700531BBF /* AppDelegate.m */,
				45E3A4B91C99594700531BBF /* ViewController.h */,
				45E3A4BA1C99594700531BBF /* ViewController.m */,
				45E3A4BC1C99594700531BBF /* Main.storyboard */,
				45E3A4BF1C99594700531BBF /* Assets.xcassets */,
				45E3A4C11C99594700531BBF /* LaunchScreen.storyboard */,
				45E3A4C41C99594700531BBF /* Info.plist */,
				45E3A4B31C99594700531BBF /* Supporting Files */,
			);
			path = demoSlider;
			sourceTree = "<group>";
		};
		45E3A4B31C99594700531BBF /* Supporting Files */ = {
			isa = PBXGroup;
			children = (
				45E3A4B41C99594700531BBF /* main.m */,
			);
			name = "Supporting Files";
			sourceTree = "<group>";
		};
/* End PBXGroup section */

/* Begin PBXNativeTarget section */
		45E3A4AF1C99594700531BBF /* demoSlider */ = {
			isa = PBXNativeTarget;
			buildConfigurationList = 45E3A4C71C99594700531BBF /* Build configuration list for PBXNativeTarget "demoSlider" */;
			buildPhases = (
				45E3A4AC1C99594700531BBF /* Sources */,
				45E3A4AD1C99594700531BBF /* Frameworks */,
				45E3A4AE1C99594700531BBF /* Resources */,
			);
			buildRules = (
			);
			dependencies = (
			);
			name = demoSlider;
			productName = demoSlider;
			productReference = 45E3A4B01C99594700531BBF /* demoSlider.app */;
			productType = "com.apple.product-type.application";
		};
/* End PBXNativeTarget section */

/* Begin PBXProject section */
		45E3A4A81C99594700531BBF /* Project object */ = {
			isa = PBXProject;
			attributes = {
				LastUpgradeCheck = 0720;
				ORGANIZATIONNAME = "Tin Blanc";
				TargetAttributes = {
					45E3A4AF1C99594700531BBF = {
						CreatedOnToolsVersion = 7.2;
						DevelopmentTeam = 6TY8547B3M;
					};
				};
			};
			buildConfigurationList = 45E3A4AB1C99594700531BBF /* Build configuration list for PBXProject "demoSlider" */;
			compatibilityVersion = "Xcode 3.2";
			developmentRegion = English;
			hasScannedForEncodings = 0;
			knownRegions = (
				en,
				Base,
			);
			mainGroup = 45E3A4A71C99594700531BBF;
			productRefGroup = 45E3A4B11C99594700531BBF /* Products */;
			projectDirPath = "";
			projectRoot = "";
			targets = (
				45E3A4AF1C99594700531BBF /* demoSlider */,
			);
		};
/* End PBXProject section */

/* Begin PBXResourcesBuildPhase section */
		45E3A4AE1C99594700531BBF /* Resources */ = {
			isa = PBXResourcesBuildPhase;
			buildActionMask = 2147483647;
			files = (
				45E3A4C31C99594700531BBF /* LaunchScreen.storyboard in Resources */,
				45E3A4C01C99594700531BBF /* Assets.xcassets in Resources */,
				45E3A4BE1C99594700531BBF /* Main.storyboard in Resources */,
			);
			runOnlyForDeploymentPostprocessing = 0;
		};
/* End PBXResourcesBuildPhase section */

/* Begin PBXSourcesBuildPhase section */
		45E3A4AC1C99594700531BBF /* Sources */ = {
			isa = PBXSourcesBuildPhase;
			buildActionMask = 2147483647;
			files = (
				45E3A4BB1C99594700531BBF /* ViewController.m in Sources */,
				45E3A4B81C99594700531BBF /* AppDelegate.m in Sources */,
				45E3A4B51C99594700531BBF /* main.m in Sources */,
			);
			runOnlyForDeploymentPostprocessing = 0;
		};
/* End PBXSourcesBuildPhase section */

/* Begin PBXVariantGroup section */
		45E3A4BC1C99594700531BBF /* Main.storyboard */ = {
			isa = PBXVariantGroup;
			children = (
				45E3A4BD1C99594700531BBF /* Base */,
			);
			name = Main.storyboard;
			sourceTree = "<group>";
		};
		45E3A4C11C99594700531BBF /* LaunchScreen.storyboard */ = {
			isa = PBXVariantGroup;
			children = (
				45E3A4C21C99594700531BBF /* Base */,
			);
			name = LaunchScreen.storyboard;
			sourceTree = "<group>";
		};
/* End PBXVariantGroup section */

/* Begin XCBuildConfiguration section */
		45E3A4C51C99594700531BBF /* Debug */ = {
			isa = XCBuildConfiguration;
			buildSettings = {
				ALWAYS_SEARCH_USER_PATHS = NO;
				CLANG_CXX_LANGUAGE_STANDARD = "gnu++0x";
				CLANG_CXX_LIBRARY = "libc++";
				CLANG_ENABLE_MODULES = YES;
				CLANG_ENABLE_OBJC_ARC = YES;
				CLANG_WARN_BOOL_CONVERSION = YES;
				CLANG_WARN_CONSTANT_CONVERSION = YES;
				CLANG_WARN_DIRECT_OBJC_ISA_USAGE = YES_ERROR;
				CLANG_WARN_EMPTY_BODY = YES;
				CLANG_WARN_ENUM_CONVERSION = YES;
				CLANG_WARN_INT_CONVERSION = YES;
				CLANG_WARN_OBJC_ROOT_CLASS = YES_ERROR;
				CLANG_WARN_UNREACHABLE_CODE = YES;
				CLANG_WARN__DUPLICATE_METHOD_MATCH = YES;
				"CODE_SIGN_IDENTITY[sdk=iphoneos*]" = "iPhone Developer";
				COPY_PHASE_STRIP = NO;
				DEBUG_INFORMATION_FORMAT = dwarf;
				ENABLE_STRICT_OBJC_MSGSEND = YES;
				ENABLE_TESTABILITY = YES;
				GCC_C_LANGUAGE_STANDARD = gnu99;
				GCC_DYNAMIC_NO_PIC = NO;
				GCC_NO_COMMON_BLOCKS = YES;
				GCC_OPTIMIZATION_LEVEL = 0;
				GCC_PREPROCESSOR_DEFINITIONS = (
					"DEBUG=1",
					"$(inherited)",
				);
				GCC_WARN_64_TO_32_BIT_CONVERSION = YES;
				GCC_WARN_ABOUT_RETURN_TYPE = YES_ERROR;
				GCC_WARN_UNDECLARED_SELECTOR = YES;
				GCC_WARN_UNINITIALIZED_AUTOS = YES_AGGRESSIVE;
				GCC_WARN_UNUSED_FUNCTION = YES;
				GCC_WARN_UNUSED_VARIABLE = YES;
				IPHONEOS_DEPLOYMENT_TARGET = 9.2;
				MTL_ENABLE_DEBUG_INFO = YES;
				ONLY_ACTIVE_ARCH = YES;
				SDKROOT = iphoneos;
			};
			name = Debug;
		};
		45E3A4C61C99594700531BBF /* Release */ = {
			isa = XCBuildConfiguration;
			buildSettings = {
				ALWAYS_SEARCH_USER_PATHS = NO;
				CLANG_CXX_LANGUAGE_STANDARD = "gnu++0x";
				CLANG_CXX_LIBRARY = "libc++";
				CLANG_ENABLE_MODULES = YES;
				CLANG_ENABLE_OBJC_ARC = YES;
				CLANG_WARN_BOOL_CONVERSION = YES;
				CLANG_WARN_CONSTANT_CONVERSION = YES;
				CLANG_WARN_DIRECT_OBJC_ISA_USAGE = YES_ERROR;
				CLANG_WARN_EMPTY_BODY = YES;
				CLANG_WARN_ENUM_CONVERSION = YES;
				CLANG_WARN_INT_CONVERSION = YES;
				CLANG_WARN_OBJC_ROOT_CLASS = YES_ERROR;
				CLANG_WARN_UNREACHABLE_CODE = YES;
				CLANG_WARN__DUPLICATE_METHOD_MATCH = YES;
				"CODE_SIGN_IDENTITY[sdk=iphoneos*]" = "iPhone Developer";
				COPY_PHASE_STRIP = NO;
				DEBUG_INFORMATION_FORMAT = "dwarf-with-dsym";
				ENABLE_NS_ASSERTIONS = NO;
				ENABLE_STRICT_OBJC_MSGSEND = YES;
				GCC_C_LANGUAGE_STANDARD = gnu99;
				GCC_NO_COMMON_BLOCKS = YES;
				GCC_WARN_64_TO_32_BIT_CONVERSION = YES;
				GCC_WARN_ABOUT_RETURN_TYPE = YES_ERROR;
				GCC_WARN_UNDECLARED_SELECTOR = YES;
				GCC_WARN_UNINITIALIZED_AUTOS = YES_AGGRESSIVE;
				GCC_WARN_UNUSED_FUNCTION = YES;
				GCC_WARN_UNUSED_VARIABLE = YES;
				IPHONEOS_DEPLOYMENT_TARGET = 9.2;
				MTL_ENABLE_DEBUG_INFO = NO;
				SDKROOT = iphoneos;
				VALIDATE_PRODUCT = YES;
			};
			name = Release;
		};
		45E3A4C81C99594700531BBF /* Debug */ = {
			isa = XCBuildConfiguration;
			buildSettings = {
				ASSETCATALOG_COMPILER_APPICON_NAME = AppIcon;
				INFOPLIST_FILE = demoSlider/Info.plist;
				LD_RUNPATH_SEARCH_PATHS = "$(inherited) @executable_path/Frameworks";
				PRODUCT_BUNDLE_IDENTIFIER = vn.techmaster.demoSlider;
				PRODUCT_NAME = "$(TARGET_NAME)";
			};
			name = Debug;
		};
		45E3A4C91C99594700531BBF /* Release */ = {
			isa = XCBuildConfiguration;
			buildSettings = {
				ASSETCATALOG_COMPILER_APPICON_NAME = AppIcon;
				INFOPLIST_FILE = demoSlider/Info.plist;
				LD_RUNPATH_SEARCH_PATHS = "$(inherited) @executable_path/Frameworks";
				PRODUCT_BUNDLE_IDENTIFIER = vn.techmaster.demoSlider;
				PRODUCT_NAME = "$(TARGET_NAME)";
			};
			name = Release;
		};
/* End XCBuildConfiguration section */

/* Begin XCConfigurationList section */
		45E3A4AB1C99594700531BBF /* Build configuration list for PBXProject "demoSlider" */ = {
			isa = XCConfigurationList;
			buildConfigurations = (
				45E3A4C51C99594700531BBF /* Debug */,
				45E3A4C61C99594700531BBF /* Release */,
			);
			defaultConfigurationIsVisible = 0;
			defaultConfigurationName = Release;
		};
		45E3A4C71C99594700531BBF /* Build configuration list for PBXNativeTarget "demoSlider" */ = {
			isa = XCConfigurationList;
			buildConfigurations = (
				45E3A4C81C99594700531BBF /* Debug */,
				45E3A4C91C99594700531BBF /* Release */,
			);
			defaultConfigurationIsVisible = 0;
			defaultConfigurationName = Release;
		};
/* End XCConfigurationList section */
	};
	rootObject = 45E3A4A81C99594700531BBF /* Project object */;
}
